// !$*UTF8*$!
{
	archiveVersion = 1;
	classes = {
	};
	objectVersion = 46;
	objects = {

/* Begin PBXBuildFile section */
		D51475E61C3B242E007E54AF /* Main.storyboard in Resources */ = {isa = PBXBuildFile; fileRef = D51475E51C3B242E007E54AF /* Main.storyboard */; };
		D51475ED1C3B253E007E54AF /* TiltMotionView.framework in Frameworks */ = {isa = PBXBuildFile; fileRef = D5397ABD1C3B1CB500329D54 /* TiltMotionView.framework */; };
		D51475EE1C3B253E007E54AF /* TiltMotionView.framework in Embed Frameworks */ = {isa = PBXBuildFile; fileRef = D5397ABD1C3B1CB500329D54 /* TiltMotionView.framework */; settings = {ATTRIBUTES = (CodeSignOnCopy, RemoveHeadersOnCopy, ); }; };
		D5397AC11C3B1CB500329D54 /* TiltMotionView.h in Headers */ = {isa = PBXBuildFile; fileRef = D5397AC01C3B1CB500329D54 /* TiltMotionView.h */; settings = {ATTRIBUTES = (Public, ); }; };
		D5397ACF1C3B1CE500329D54 /* AppDelegate.swift in Sources */ = {isa = PBXBuildFile; fileRef = D5397ACE1C3B1CE500329D54 /* AppDelegate.swift */; };
		D5397AD11C3B1CE500329D54 /* ViewController.swift in Sources */ = {isa = PBXBuildFile; fileRef = D5397AD01C3B1CE500329D54 /* ViewController.swift */; };
		D5397AD61C3B1CE500329D54 /* Assets.xcassets in Resources */ = {isa = PBXBuildFile; fileRef = D5397AD51C3B1CE500329D54 /* Assets.xcassets */; };
		D5397AD91C3B1CE500329D54 /* LaunchScreen.storyboard in Resources */ = {isa = PBXBuildFile; fileRef = D5397AD71C3B1CE500329D54 /* LaunchScreen.storyboard */; };
		D5397ADF1C3B1F7A00329D54 /* TiltMotionView.swift in Sources */ = {isa = PBXBuildFile; fileRef = D5397ADE1C3B1F7A00329D54 /* TiltMotionView.swift */; };
/* End PBXBuildFile section */

/* Begin PBXContainerItemProxy section */
		D51475EF1C3B253E007E54AF /* PBXContainerItemProxy */ = {
			isa = PBXContainerItemProxy;
			containerPortal = D5397AB41C3B1CB500329D54 /* Project object */;
			proxyType = 1;
			remoteGlobalIDString = D5397ABC1C3B1CB500329D54;
			remoteInfo = TiltMotionView;
		};
/* End PBXContainerItemProxy section */

/* Begin PBXCopyFilesBuildPhase section */
		D51475F11C3B253E007E54AF /* Embed Frameworks */ = {
			isa = PBXCopyFilesBuildPhase;
			buildActionMask = 2147483647;
			dstPath = "";
			dstSubfolderSpec = 10;
			files = (
				D51475EE1C3B253E007E54AF /* TiltMotionView.framework in Embed Frameworks */,
			);
			name = "Embed Frameworks";
			runOnlyForDeploymentPostprocessing = 0;
		};
/* End PBXCopyFilesBuildPhase section */

/* Begin PBXFileReference section */
		D51475E51C3B242E007E54AF /* Main.storyboard */ = {isa = PBXFileReference; fileEncoding = 4; lastKnownFileType = file.storyboard; path = Main.storyboard; sourceTree = "<group>"; };
		D5397ABD1C3B1CB500329D54 /* TiltMotionView.framework */ = {isa = PBXFileReference; explicitFileType = wrapper.framework; includeInIndex = 0; path = TiltMotionView.framework; sourceTree = BUILT_PRODUCTS_DIR; };
		D5397AC01C3B1CB500329D54 /* TiltMotionView.h */ = {isa = PBXFileReference; lastKnownFileType = sourcecode.c.h; path = TiltMotionView.h; sourceTree = "<group>"; };
		D5397AC21C3B1CB500329D54 /* Info.plist */ = {isa = PBXFileReference; lastKnownFileType = text.plist.xml; path = Info.plist; sourceTree = "<group>"; };
		D5397ACC1C3B1CE500329D54 /* TiltMotionViewDemo.app */ = {isa = PBXFileReference; explicitFileType = wrapper.application; includeInIndex = 0; path = TiltMotionViewDemo.app; sourceTree = BUILT_PRODUCTS_DIR; };
		D5397ACE1C3B1CE500329D54 /* AppDelegate.swift */ = {isa = PBXFileReference; lastKnownFileType = sourcecode.swift; path = AppDelegate.swift; sourceTree = "<group>"; };
		D5397AD01C3B1CE500329D54 /* ViewController.swift */ = {isa = PBXFileReference; lastKnownFileType = sourcecode.swift; path = ViewController.swift; sourceTree = "<group>"; };
		D5397AD51C3B1CE500329D54 /* Assets.xcassets */ = {isa = PBXFileReference; lastKnownFileType = folder.assetcatalog; path = Assets.xcassets; sourceTree = "<group>"; };
		D5397AD81C3B1CE500329D54 /* Base */ = {isa = PBXFileReference; lastKnownFileType = file.storyboard; name = Base; path = Base.lproj/LaunchScreen.storyboard; sourceTree = "<group>"; };
		D5397ADA1C3B1CE500329D54 /* Info.plist */ = {isa = PBXFileReference; lastKnownFileType = text.plist.xml; path = Info.plist; sourceTree = "<group>"; };
		D5397ADE1C3B1F7A00329D54 /* TiltMotionView.swift */ = {isa = PBXFileReference; fileEncoding = 4; lastKnownFileType = sourcecode.swift; path = TiltMotionView.swift; sourceTree = "<group>"; };
/* End PBXFileReference section */

/* Begin PBXFrameworksBuildPhase section */
		D5397AB91C3B1CB500329D54 /* Frameworks */ = {
			isa = PBXFrameworksBuildPhase;
			buildActionMask = 2147483647;
			files = (
			);
			runOnlyForDeploymentPostprocessing = 0;
		};
		D5397AC91C3B1CE500329D54 /* Frameworks */ = {
			isa = PBXFrameworksBuildPhase;
			buildActionMask = 2147483647;
			files = (
				D51475ED1C3B253E007E54AF /* TiltMotionView.framework in Frameworks */,
			);
			runOnlyForDeploymentPostprocessing = 0;
		};
/* End PBXFrameworksBuildPhase section */

/* Begin PBXGroup section */
		D5397AB31C3B1CB500329D54 = {
			isa = PBXGroup;
			children = (
				D5397ACD1C3B1CE500329D54 /* TiltMotionViewDemo */,
				D5397ABF1C3B1CB500329D54 /* TiltMotionView */,
				D5397ABE1C3B1CB500329D54 /* Products */,
			);
			sourceTree = "<group>";
		};
		D5397ABE1C3B1CB500329D54 /* Products */ = {
			isa = PBXGroup;
			children = (
				D5397ABD1C3B1CB500329D54 /* TiltMotionView.framework */,
				D5397ACC1C3B1CE500329D54 /* TiltMotionViewDemo.app */,
			);
			name = Products;
			sourceTree = "<group>";
		};
		D5397ABF1C3B1CB500329D54 /* TiltMotionView */ = {
			isa = PBXGroup;
			children = (
				D5397AC01C3B1CB500329D54 /* TiltMotionView.h */,
				D5397ADE1C3B1F7A00329D54 /* TiltMotionView.swift */,
				D5397AC21C3B1CB500329D54 /* Info.plist */,
			);
			path = TiltMotionView;
			sourceTree = "<group>";
		};
		D5397ACD1C3B1CE500329D54 /* TiltMotionViewDemo */ = {
			isa = PBXGroup;
			children = (
				D5397ACE1C3B1CE500329D54 /* AppDelegate.swift */,
				D5397AD01C3B1CE500329D54 /* ViewController.swift */,
				D51475E51C3B242E007E54AF /* Main.storyboard */,
				D5397AD51C3B1CE500329D54 /* Assets.xcassets */,
				D5397AD71C3B1CE500329D54 /* LaunchScreen.storyboard */,
				D5397ADA1C3B1CE500329D54 /* Info.plist */,
			);
			path = TiltMotionViewDemo;
			sourceTree = "<group>";
		};
/* End PBXGroup section */

/* Begin PBXHeadersBuildPhase section */
		D5397ABA1C3B1CB500329D54 /* Headers */ = {
			isa = PBXHeadersBuildPhase;
			buildActionMask = 2147483647;
			files = (
				D5397AC11C3B1CB500329D54 /* TiltMotionView.h in Headers */,
			);
			runOnlyForDeploymentPostprocessing = 0;
		};
/* End PBXHeadersBuildPhase section */

/* Begin PBXNativeTarget section */
		D5397ABC1C3B1CB500329D54 /* TiltMotionView */ = {
			isa = PBXNativeTarget;
			buildConfigurationList = D5397AC51C3B1CB500329D54 /* Build configuration list for PBXNativeTarget "TiltMotionView" */;
			buildPhases = (
				D5397AB81C3B1CB500329D54 /* Sources */,
				D5397AB91C3B1CB500329D54 /* Frameworks */,
				D5397ABA1C3B1CB500329D54 /* Headers */,
				D5397ABB1C3B1CB500329D54 /* Resources */,
			);
			buildRules = (
			);
			dependencies = (
			);
			name = TiltMotionView;
			productName = TiltMotionView;
			productReference = D5397ABD1C3B1CB500329D54 /* TiltMotionView.framework */;
			productType = "com.apple.product-type.framework";
		};
		D5397ACB1C3B1CE500329D54 /* TiltMotionViewDemo */ = {
			isa = PBXNativeTarget;
			buildConfigurationList = D5397ADD1C3B1CE500329D54 /* Build configuration list for PBXNativeTarget "TiltMotionViewDemo" */;
			buildPhases = (
				D5D80A611D67EE1A008C35D9 /* SwiftLint */,
				D5397AC81C3B1CE500329D54 /* Sources */,
				D5397AC91C3B1CE500329D54 /* Frameworks */,
				D5397ACA1C3B1CE500329D54 /* Resources */,
				D51475F11C3B253E007E54AF /* Embed Frameworks */,
			);
			buildRules = (
			);
			dependencies = (
				D51475F01C3B253E007E54AF /* PBXTargetDependency */,
			);
			name = TiltMotionViewDemo;
			productName = TiltMotionViewDemo;
			productReference = D5397ACC1C3B1CE500329D54 /* TiltMotionViewDemo.app */;
			productType = "com.apple.product-type.application";
		};
/* End PBXNativeTarget section */

/* Begin PBXProject section */
		D5397AB41C3B1CB500329D54 /* Project object */ = {
			isa = PBXProject;
			attributes = {
				LastSwiftUpdateCheck = 0720;
				LastUpgradeCheck = 0720;
				ORGANIZATIONNAME = "David Román Aguirre";
				TargetAttributes = {
					D5397ABC1C3B1CB500329D54 = {
						CreatedOnToolsVersion = 7.2;
					};
					D5397ACB1C3B1CE500329D54 = {
						CreatedOnToolsVersion = 7.2;
					};
				};
			};
			buildConfigurationList = D5397AB71C3B1CB500329D54 /* Build configuration list for PBXProject "TiltMotionView" */;
			compatibilityVersion = "Xcode 3.2";
			developmentRegion = English;
			hasScannedForEncodings = 0;
			knownRegions = (
				en,
				Base,
			);
			mainGroup = D5397AB31C3B1CB500329D54;
			productRefGroup = D5397ABE1C3B1CB500329D54 /* Products */;
			projectDirPath = "";
			projectRoot = "";
			targets = (
				D5397ACB1C3B1CE500329D54 /* TiltMotionViewDemo */,
				D5397ABC1C3B1CB500329D54 /* TiltMotionView */,
			);
		};
/* End PBXProject section */

/* Begin PBXResourcesBuildPhase section */
		D5397ABB1C3B1CB500329D54 /* Resources */ = {
			isa = PBXResourcesBuildPhase;
			buildActionMask = 2147483647;
			files = (
			);
			runOnlyForDeploymentPostprocessing = 0;
		};
		D5397ACA1C3B1CE500329D54 /* Resources */ = {
			isa = PBXResourcesBuildPhase;
			buildActionMask = 2147483647;
			files = (
				D51475E61C3B242E007E54AF /* Main.storyboard in Resources */,
				D5397AD91C3B1CE500329D54 /* LaunchScreen.storyboard in Resources */,
				D5397AD61C3B1CE500329D54 /* Assets.xcassets in Resources */,
			);
			runOnlyForDeploymentPostprocessing = 0;
		};
/* End PBXResourcesBuildPhase section */

/* Begin PBXShellScriptBuildPhase section */
		D5D80A611D67EE1A008C35D9 /* SwiftLint */ = {
			isa = PBXShellScriptBuildPhase;
			buildActionMask = 2147483647;
			files = (
			);
			inputPaths = (
			);
			name = SwiftLint;
			outputPaths = (
			);
			runOnlyForDeploymentPostprocessing = 0;
			shellPath = /bin/sh;
			shellScript = "if which swiftlint >/dev/null; then\n    swiftlint autocorrect\nelse\n    echo \"warning: SwiftLint not installed, please run \\`brew install swiftlint\\`\"\nfi";
		};
/* End PBXShellScriptBuildPhase section */

/* Begin PBXSourcesBuildPhase section */
		D5397AB81C3B1CB500329D54 /* Sources */ = {
			isa = PBXSourcesBuildPhase;
			buildActionMask = 2147483647;
			files = (
				D5397ADF1C3B1F7A00329D54 /* TiltMotionView.swift in Sources */,
			);
			runOnlyForDeploymentPostprocessing = 0;
		};
		D5397AC81C3B1CE500329D54 /* Sources */ = {
			isa = PBXSourcesBuildPhase;
			buildActionMask = 2147483647;
			files = (
				D5397AD11C3B1CE500329D54 /* ViewController.swift in Sources */,
				D5397ACF1C3B1CE500329D54 /* AppDelegate.swift in Sources */,
			);
			runOnlyForDeploymentPostprocessing = 0;
		};
/* End PBXSourcesBuildPhase section */

/* Begin PBXTargetDependency section */
		D51475F01C3B253E007E54AF /* PBXTargetDependency */ = {
			isa = PBXTargetDependency;
			target = D5397ABC1C3B1CB500329D54 /* TiltMotionView */;
			targetProxy = D51475EF1C3B253E007E54AF /* PBXContainerItemProxy */;
		};
/* End PBXTargetDependency section */

/* Begin PBXVariantGroup section */
		D5397AD71C3B1CE500329D54 /* LaunchScreen.storyboard */ = {
			isa = PBXVariantGroup;
			children = (
				D5397AD81C3B1CE500329D54 /* Base */,
			);
			name = LaunchScreen.storyboard;
			sourceTree = "<group>";
		};
/* End PBXVariantGroup section */

/* Begin XCBuildConfiguration section */
		D5397AC31C3B1CB500329D54 /* Debug */ = {
			isa = XCBuildConfiguration;
			buildSettings = {
				ALWAYS_SEARCH_USER_PATHS = NO;
				CLANG_CXX_LANGUAGE_STANDARD = "gnu++0x";
				CLANG_CXX_LIBRARY = "libc++";
				CLANG_ENABLE_MODULES = YES;
				CLANG_ENABLE_OBJC_ARC = YES;
				CLANG_WARN_BOOL_CONVERSION = YES;
				CLANG_WARN_CONSTANT_CONVERSION = YES;
				CLANG_WARN_DIRECT_OBJC_ISA_USAGE = YES_ERROR;
				CLANG_WARN_EMPTY_BODY = YES;
				CLANG_WARN_ENUM_CONVERSION = YES;
				CLANG_WARN_INT_CONVERSION = YES;
				CLANG_WARN_OBJC_ROOT_CLASS = YES_ERROR;
				CLANG_WARN_UNREACHABLE_CODE = YES;
				CLANG_WARN__DUPLICATE_METHOD_MATCH = YES;
				"CODE_SIGN_IDENTITY[sdk=iphoneos*]" = "iPhone Developer";
				COPY_PHASE_STRIP = NO;
				CURRENT_PROJECT_VERSION = 1;
				DEBUG_INFORMATION_FORMAT = dwarf;
				ENABLE_STRICT_OBJC_MSGSEND = YES;
				ENABLE_TESTABILITY = YES;
				GCC_C_LANGUAGE_STANDARD = gnu99;
				GCC_DYNAMIC_NO_PIC = NO;
				GCC_NO_COMMON_BLOCKS = YES;
				GCC_OPTIMIZATION_LEVEL = 0;
				GCC_PREPROCESSOR_DEFINITIONS = (
					"DEBUG=1",
					"$(inherited)",
				);
				GCC_WARN_64_TO_32_BIT_CONVERSION = YES;
				GCC_WARN_ABOUT_RETURN_TYPE = YES_ERROR;
				GCC_WARN_UNDECLARED_SELECTOR = YES;
				GCC_WARN_UNINITIALIZED_AUTOS = YES_AGGRESSIVE;
				GCC_WARN_UNUSED_FUNCTION = YES;
				GCC_WARN_UNUSED_VARIABLE = YES;
				IPHONEOS_DEPLOYMENT_TARGET = 9.0;
				MTL_ENABLE_DEBUG_INFO = YES;
				ONLY_ACTIVE_ARCH = YES;
				SDKROOT = iphoneos;
				SWIFT_OPTIMIZATION_LEVEL = "-Onone";
				TARGETED_DEVICE_FAMILY = "1,2";
				VERSIONING_SYSTEM = "apple-generic";
				VERSION_INFO_PREFIX = "";
			};
			name = Debug;
		};
		D5397AC41C3B1CB500329D54 /* Release */ = {
			isa = XCBuildConfiguration;
			buildSettings = {
				ALWAYS_SEARCH_USER_PATHS = NO;
				CLANG_CXX_LANGUAGE_STANDARD = "gnu++0x";
				CLANG_CXX_LIBRARY = "libc++";
				CLANG_ENABLE_MODULES = YES;
				CLANG_ENABLE_OBJC_ARC = YES;
				CLANG_WARN_BOOL_CONVERSION = YES;
				CLANG_WARN_CONSTANT_CONVERSION = YES;
				CLANG_WARN_DIRECT_OBJC_ISA_USAGE = YES_ERROR;
				CLANG_WARN_EMPTY_BODY = YES;
				CLANG_WARN_ENUM_CONVERSION = YES;
				CLANG_WARN_INT_CONVERSION = YES;
				CLANG_WARN_OBJC_ROOT_CLASS = YES_ERROR;
				CLANG_WARN_UNREACHABLE_CODE = YES;
				CLANG_WARN__DUPLICATE_METHOD_MATCH = YES;
				"CODE_SIGN_IDENTITY[sdk=iphoneos*]" = "iPhone Developer";
				COPY_PHASE_STRIP = NO;
				CURRENT_PROJECT_VERSION = 1;
				DEBUG_INFORMATION_FORMAT = "dwarf-with-dsym";
				ENABLE_NS_ASSERTIONS = NO;
				ENABLE_STRICT_OBJC_MSGSEND = YES;
				GCC_C_LANGUAGE_STANDARD = gnu99;
				GCC_NO_COMMON_BLOCKS = YES;
				GCC_WARN_64_TO_32_BIT_CONVERSION = YES;
				GCC_WARN_ABOUT_RETURN_TYPE = YES_ERROR;
				GCC_WARN_UNDECLARED_SELECTOR = YES;
				GCC_WARN_UNINITIALIZED_AUTOS = YES_AGGRESSIVE;
				GCC_WARN_UNUSED_FUNCTION = YES;
				GCC_WARN_UNUSED_VARIABLE = YES;
				IPHONEOS_DEPLOYMENT_TARGET = 9.0;
				MTL_ENABLE_DEBUG_INFO = NO;
				SDKROOT = iphoneos;
				TARGETED_DEVICE_FAMILY = "1,2";
				VALIDATE_PRODUCT = YES;
				VERSIONING_SYSTEM = "apple-generic";
				VERSION_INFO_PREFIX = "";
			};
			name = Release;
		};
		D5397AC61C3B1CB500329D54 /* Debug */ = {
			isa = XCBuildConfiguration;
			buildSettings = {
				CLANG_ENABLE_MODULES = YES;
				DEFINES_MODULE = YES;
				DYLIB_COMPATIBILITY_VERSION = 1;
				DYLIB_CURRENT_VERSION = 1;
				DYLIB_INSTALL_NAME_BASE = "@rpath";
				FRAMEWORK_SEARCH_PATHS = "$(inherited)";
				INFOPLIST_FILE = TiltMotionView/Info.plist;
				INSTALL_PATH = "$(LOCAL_LIBRARY_DIR)/Frameworks";
				LD_RUNPATH_SEARCH_PATHS = "$(inherited) @executable_path/Frameworks @loader_path/Frameworks";
				PRODUCT_BUNDLE_IDENTIFIER = me.davidroman.TiltMotionView;
				PRODUCT_NAME = "$(TARGET_NAME)";
				SKIP_INSTALL = YES;
				SWIFT_OPTIMIZATION_LEVEL = "-Onone";
			};
			name = Debug;
		};
		D5397AC71C3B1CB500329D54 /* Release */ = {
			isa = XCBuildConfiguration;
			buildSettings = {
				CLANG_ENABLE_MODULES = YES;
				DEFINES_MODULE = YES;
				DYLIB_COMPATIBILITY_VERSION = 1;
				DYLIB_CURRENT_VERSION = 1;
				DYLIB_INSTALL_NAME_BASE = "@rpath";
				FRAMEWORK_SEARCH_PATHS = "$(inherited)";
				INFOPLIST_FILE = TiltMotionView/Info.plist;
				INSTALL_PATH = "$(LOCAL_LIBRARY_DIR)/Frameworks";
				LD_RUNPATH_SEARCH_PATHS = "$(inherited) @executable_path/Frameworks @loader_path/Frameworks";
				PRODUCT_BUNDLE_IDENTIFIER = me.davidroman.TiltMotionView;
				PRODUCT_NAME = "$(TARGET_NAME)";
				SKIP_INSTALL = YES;
			};
			name = Release;
		};
		D5397ADB1C3B1CE500329D54 /* Debug */ = {
			isa = XCBuildConfiguration;
			buildSettings = {
				ASSETCATALOG_COMPILER_APPICON_NAME = AppIcon;
				EMBEDDED_CONTENT_CONTAINS_SWIFT = YES;
				INFOPLIST_FILE = TiltMotionViewDemo/Info.plist;
				LD_RUNPATH_SEARCH_PATHS = "$(inherited) @executable_path/Frameworks";
				PRODUCT_BUNDLE_IDENTIFIER = me.davidroman.TiltMotionViewDemo;
				PRODUCT_NAME = "$(TARGET_NAME)";
			};
			name = Debug;
		};
		D5397ADC1C3B1CE500329D54 /* Release */ = {
			isa = XCBuildConfiguration;
			buildSettings = {
				ASSETCATALOG_COMPILER_APPICON_NAME = AppIcon;
				EMBEDDED_CONTENT_CONTAINS_SWIFT = YES;
				INFOPLIST_FILE = TiltMotionViewDemo/Info.plist;
				LD_RUNPATH_SEARCH_PATHS = "$(inherited) @executable_path/Frameworks";
				PRODUCT_BUNDLE_IDENTIFIER = me.davidroman.TiltMotionViewDemo;
				PRODUCT_NAME = "$(TARGET_NAME)";
			};
			name = Release;
		};
/* End XCBuildConfiguration section */

/* Begin XCConfigurationList section */
		D5397AB71C3B1CB500329D54 /* Build configuration list for PBXProject "TiltMotionView" */ = {
			isa = XCConfigurationList;
			buildConfigurations = (
				D5397AC31C3B1CB500329D54 /* Debug */,
				D5397AC41C3B1CB500329D54 /* Release */,
			);
			defaultConfigurationIsVisible = 0;
			defaultConfigurationName = Release;
		};
		D5397AC51C3B1CB500329D54 /* Build configuration list for PBXNativeTarget "TiltMotionView" */ = {
			isa = XCConfigurationList;
			buildConfigurations = (
				D5397AC61C3B1CB500329D54 /* Debug */,
				D5397AC71C3B1CB500329D54 /* Release */,
			);
			defaultConfigurationIsVisible = 0;
			defaultConfigurationName = Release;
		};
		D5397ADD1C3B1CE500329D54 /* Build configuration list for PBXNativeTarget "TiltMotionViewDemo" */ = {
			isa = XCConfigurationList;
			buildConfigurations = (
				D5397ADB1C3B1CE500329D54 /* Debug */,
				D5397ADC1C3B1CE500329D54 /* Release */,
			);
			defaultConfigurationIsVisible = 0;
			defaultConfigurationName = Release;
		};
/* End XCConfigurationList section */
	};
	rootObject = D5397AB41C3B1CB500329D54 /* Project object */;
}
